PODS:
  - BlocksKit/DynamicDelegate (2.2.5)
  - Emitter (0.0.9):
    - BlocksKit/DynamicDelegate

DEPENDENCIES:
  - Emitter

SPEC CHECKSUMS:
  BlocksKit: 7f422b971407001178d181a43b99014ea2591fe6
  Emitter: cf50bf44fc8817535018fbd6c4fd576b87803e78

PODFILE CHECKSUM: c8d5c119110d33c938366e730dfcc3b30e527c11

COCOAPODS: 1.0.1
